
Microsoft Visual Studio Solution File, Format Version 12.00
# Visual Studio Version 16
VisualStudioVersion = 16.0.31729.503
MinimumVisualStudioVersion = 10.0.40219.1
Project("{FAE04EC0-301F-11D3-BF4B-00C04F79EFBC}") = "BozziUfoApp", "BozziUfoApp\BozziUfoApp.csproj", "{298A9577-F1BA-4EC2-AE42-88EE9DC38841}"
EndProject
Global
	GlobalSection(SolutionConfigurationPlatforms) = preSolution
		Debug|Any CPU = Debug|Any CPU
		Release|Any CPU = Release|Any CPU
	EndGlobalSection
	GlobalSection(ProjectConfigurationPlatforms) = postSolution
		{298A9577-F1BA-4EC2-AE42-88EE9DC38841}.Debug|Any CPU.ActiveCfg = Debug|Any CPU
		{298A9577-F1BA-4EC2-AE42-88EE9DC38841}.Debug|Any CPU.Build.0 = Debug|Any CPU
		{298A9577-F1BA-4EC2-AE42-88EE9DC38841}.Release|Any CPU.ActiveCfg = Release|Any CPU
		{298A9577-F1BA-4EC2-AE42-88EE9DC38841}.Release|Any CPU.Build.0 = Release|Any CPU
	EndGlobalSection
	GlobalSection(SolutionProperties) = preSolution
		HideSolutionNode = FALSE
	EndGlobalSection
	GlobalSection(ExtensibilityGlobals) = postSolution
		SolutionGuid = {92B347E8-9818-4678-AE45-80978E84D2ED}
	EndGlobalSection
EndGlobal
